// !$*UTF8*$!
{
	archiveVersion = 1;
	classes = {
	};
	objectVersion = 46;
	objects = {

/* Begin PBXBuildFile section */
		E5F42A3E1520B3B1006DAE33 /* UIKit.framework in Frameworks */ = {isa = PBXBuildFile; fileRef = E5F42A3D1520B3B1006DAE33 /* UIKit.framework */; };
		E5F42A401520B3B1006DAE33 /* Foundation.framework in Frameworks */ = {isa = PBXBuildFile; fileRef = E5F42A3F1520B3B1006DAE33 /* Foundation.framework */; };
		E5F42A421520B3B1006DAE33 /* CoreGraphics.framework in Frameworks */ = {isa = PBXBuildFile; fileRef = E5F42A411520B3B1006DAE33 /* CoreGraphics.framework */; };
		E5F42A481520B3B1006DAE33 /* InfoPlist.strings in Resources */ = {isa = PBXBuildFile; fileRef = E5F42A461520B3B1006DAE33 /* InfoPlist.strings */; };
		E5F42A4A1520B3B1006DAE33 /* main.m in Sources */ = {isa = PBXBuildFile; fileRef = E5F42A491520B3B1006DAE33 /* main.m */; };
		E5F42A4E1520B3B1006DAE33 /* AppDelegate.m in Sources */ = {isa = PBXBuildFile; fileRef = E5F42A4D1520B3B1006DAE33 /* AppDelegate.m */; };
/* End PBXBuildFile section */

/* Begin PBXFileReference section */
		E5F42A391520B3B1006DAE33 /* RRPhotos.app */ = {isa = PBXFileReference; explicitFileType = wrapper.application; includeInIndex = 0; path = RRPhotos.app; sourceTree = BUILT_PRODUCTS_DIR; };
		E5F42A3D1520B3B1006DAE33 /* UIKit.framework */ = {isa = PBXFileReference; lastKnownFileType = wrapper.framework; name = UIKit.framework; path = System/Library/Frameworks/UIKit.framework; sourceTree = SDKROOT; };
		E5F42A3F1520B3B1006DAE33 /* Foundation.framework */ = {isa = PBXFileReference; lastKnownFileType = wrapper.framework; name = Foundation.framework; path = System/Library/Frameworks/Foundation.framework; sourceTree = SDKROOT; };
		E5F42A411520B3B1006DAE33 /* CoreGraphics.framework */ = {isa = PBXFileReference; lastKnownFileType = wrapper.framework; name = CoreGraphics.framework; path = System/Library/Frameworks/CoreGraphics.framework; sourceTree = SDKROOT; };
		E5F42A451520B3B1006DAE33 /* RRPhotos-Info.plist */ = {isa = PBXFileReference; lastKnownFileType = text.plist.xml; path = "RRPhotos-Info.plist"; sourceTree = "<group>"; };
		E5F42A471520B3B1006DAE33 /* en */ = {isa = PBXFileReference; lastKnownFileType = text.plist.strings; name = en; path = en.lproj/InfoPlist.strings; sourceTree = "<group>"; };
		E5F42A491520B3B1006DAE33 /* main.m */ = {isa = PBXFileReference; lastKnownFileType = sourcecode.c.objc; path = main.m; sourceTree = "<group>"; };
		E5F42A4B1520B3B1006DAE33 /* RRPhotos-Prefix.pch */ = {isa = PBXFileReference; lastKnownFileType = sourcecode.c.h; path = "RRPhotos-Prefix.pch"; sourceTree = "<group>"; };
		E5F42A4C1520B3B1006DAE33 /* AppDelegate.h */ = {isa = PBXFileReference; lastKnownFileType = sourcecode.c.h; path = AppDelegate.h; sourceTree = "<group>"; };
		E5F42A4D1520B3B1006DAE33 /* AppDelegate.m */ = {isa = PBXFileReference; lastKnownFileType = sourcecode.c.objc; path = AppDelegate.m; sourceTree = "<group>"; };
/* End PBXFileReference section */

/* Begin PBXFrameworksBuildPhase section */
		E5F42A361520B3B1006DAE33 /* Frameworks */ = {
			isa = PBXFrameworksBuildPhase;
			buildActionMask = 2147483647;
			files = (
				E5F42A3E1520B3B1006DAE33 /* UIKit.framework in Frameworks */,
				E5F42A401520B3B1006DAE33 /* Foundation.framework in Frameworks */,
				E5F42A421520B3B1006DAE33 /* CoreGraphics.framework in Frameworks */,
			);
			runOnlyForDeploymentPostprocessing = 0;
		};
/* End PBXFrameworksBuildPhase section */

/* Begin PBXGroup section */
		E5F42A2E1520B3B0006DAE33 = {
			isa = PBXGroup;
			children = (
				E5F42A431520B3B1006DAE33 /* RRPhotos */,
				E5F42A3C1520B3B1006DAE33 /* Frameworks */,
				E5F42A3A1520B3B1006DAE33 /* Products */,
			);
			sourceTree = "<group>";
		};
		E5F42A3A1520B3B1006DAE33 /* Products */ = {
			isa = PBXGroup;
			children = (
				E5F42A391520B3B1006DAE33 /* RRPhotos.app */,
			);
			name = Products;
			sourceTree = "<group>";
		};
		E5F42A3C1520B3B1006DAE33 /* Frameworks */ = {
			isa = PBXGroup;
			children = (
				E5F42A3D1520B3B1006DAE33 /* UIKit.framework */,
				E5F42A3F1520B3B1006DAE33 /* Foundation.framework */,
				E5F42A411520B3B1006DAE33 /* CoreGraphics.framework */,
			);
			name = Frameworks;
			sourceTree = "<group>";
		};
		E5F42A431520B3B1006DAE33 /* RRPhotos */ = {
			isa = PBXGroup;
			children = (
				E5F42A4C1520B3B1006DAE33 /* AppDelegate.h */,
				E5F42A4D1520B3B1006DAE33 /* AppDelegate.m */,
				E5F42A441520B3B1006DAE33 /* Supporting Files */,
			);
			path = RRPhotos;
			sourceTree = "<group>";
		};
		E5F42A441520B3B1006DAE33 /* Supporting Files */ = {
			isa = PBXGroup;
			children = (
				E5F42A451520B3B1006DAE33 /* RRPhotos-Info.plist */,
				E5F42A461520B3B1006DAE33 /* InfoPlist.strings */,
				E5F42A491520B3B1006DAE33 /* main.m */,
				E5F42A4B1520B3B1006DAE33 /* RRPhotos-Prefix.pch */,
			);
			name = "Supporting Files";
			sourceTree = "<group>";
		};
/* End PBXGroup section */

/* Begin PBXNativeTarget section */
		E5F42A381520B3B1006DAE33 /* RRPhotos */ = {
			isa = PBXNativeTarget;
			buildConfigurationList = E5F42A511520B3B1006DAE33 /* Build configuration list for PBXNativeTarget "RRPhotos" */;
			buildPhases = (
				E5F42A351520B3B1006DAE33 /* Sources */,
				E5F42A361520B3B1006DAE33 /* Frameworks */,
				E5F42A371520B3B1006DAE33 /* Resources */,
			);
			buildRules = (
			);
			dependencies = (
			);
			name = RRPhotos;
			productName = RRPhotos;
			productReference = E5F42A391520B3B1006DAE33 /* RRPhotos.app */;
			productType = "com.apple.product-type.application";
		};
/* End PBXNativeTarget section */

/* Begin PBXProject section */
		E5F42A301520B3B0006DAE33 /* Project object */ = {
			isa = PBXProject;
			attributes = {
				LastUpgradeCheck = 0420;
				ORGANIZATIONNAME = renren;
			};
			buildConfigurationList = E5F42A331520B3B0006DAE33 /* Build configuration list for PBXProject "RRPhotos" */;
			compatibilityVersion = "Xcode 3.2";
			developmentRegion = English;
			hasScannedForEncodings = 0;
			knownRegions = (
				en,
			);
			mainGroup = E5F42A2E1520B3B0006DAE33;
			productRefGroup = E5F42A3A1520B3B1006DAE33 /* Products */;
			projectDirPath = "";
			projectRoot = "";
			targets = (
				E5F42A381520B3B1006DAE33 /* RRPhotos */,
			);
		};
/* End PBXProject section */

/* Begin PBXResourcesBuildPhase section */
		E5F42A371520B3B1006DAE33 /* Resources */ = {
			isa = PBXResourcesBuildPhase;
			buildActionMask = 2147483647;
			files = (
				E5F42A481520B3B1006DAE33 /* InfoPlist.strings in Resources */,
			);
			runOnlyForDeploymentPostprocessing = 0;
		};
/* End PBXResourcesBuildPhase section */

/* Begin PBXSourcesBuildPhase section */
		E5F42A351520B3B1006DAE33 /* Sources */ = {
			isa = PBXSourcesBuildPhase;
			buildActionMask = 2147483647;
			files = (
				E5F42A4A1520B3B1006DAE33 /* main.m in Sources */,
				E5F42A4E1520B3B1006DAE33 /* AppDelegate.m in Sources */,
			);
			runOnlyForDeploymentPostprocessing = 0;
		};
/* End PBXSourcesBuildPhase section */

/* Begin PBXVariantGroup section */
		E5F42A461520B3B1006DAE33 /* InfoPlist.strings */ = {
			isa = PBXVariantGroup;
			children = (
				E5F42A471520B3B1006DAE33 /* en */,
			);
			name = InfoPlist.strings;
			sourceTree = "<group>";
		};
/* End PBXVariantGroup section */

/* Begin XCBuildConfiguration section */
		E5F42A4F1520B3B1006DAE33 /* Debug */ = {
			isa = XCBuildConfiguration;
			buildSettings = {
				ALWAYS_SEARCH_USER_PATHS = NO;
				ARCHS = "$(ARCHS_STANDARD_32_BIT)";
				"CODE_SIGN_IDENTITY[sdk=iphoneos*]" = "iPhone Developer";
				COPY_PHASE_STRIP = NO;
				GCC_C_LANGUAGE_STANDARD = gnu99;
				GCC_DYNAMIC_NO_PIC = NO;
				GCC_OPTIMIZATION_LEVEL = 0;
				GCC_PREPROCESSOR_DEFINITIONS = (
					"DEBUG=1",
					"$(inherited)",
				);
				GCC_SYMBOLS_PRIVATE_EXTERN = NO;
				GCC_VERSION = com.apple.compilers.llvm.clang.1_0;
				GCC_WARN_ABOUT_MISSING_PROTOTYPES = YES;
				GCC_WARN_ABOUT_RETURN_TYPE = YES;
				GCC_WARN_UNUSED_VARIABLE = YES;
				IPHONEOS_DEPLOYMENT_TARGET = 5.0;
				SDKROOT = iphoneos;
			};
			name = Debug;
		};
		E5F42A501520B3B1006DAE33 /* Release */ = {
			isa = XCBuildConfiguration;
			buildSettings = {
				ALWAYS_SEARCH_USER_PATHS = NO;
				ARCHS = "$(ARCHS_STANDARD_32_BIT)";
				"CODE_SIGN_IDENTITY[sdk=iphoneos*]" = "iPhone Developer";
				COPY_PHASE_STRIP = YES;
				GCC_C_LANGUAGE_STANDARD = gnu99;
				GCC_VERSION = com.apple.compilers.llvm.clang.1_0;
				GCC_WARN_ABOUT_MISSING_PROTOTYPES = YES;
				GCC_WARN_ABOUT_RETURN_TYPE = YES;
				GCC_WARN_UNUSED_VARIABLE = YES;
				IPHONEOS_DEPLOYMENT_TARGET = 5.0;
				OTHER_CFLAGS = "-DNS_BLOCK_ASSERTIONS=1";
				SDKROOT = iphoneos;
				VALIDATE_PRODUCT = YES;
			};
			name = Release;
		};
		E5F42A521520B3B1006DAE33 /* Debug */ = {
			isa = XCBuildConfiguration;
			buildSettings = {
				GCC_PRECOMPILE_PREFIX_HEADER = YES;
				GCC_PREFIX_HEADER = "RRPhotos/RRPhotos-Prefix.pch";
				INFOPLIST_FILE = "RRPhotos/RRPhotos-Info.plist";
				PRODUCT_NAME = "$(TARGET_NAME)";
				WRAPPER_EXTENSION = app;
			};
			name = Debug;
		};
		E5F42A531520B3B1006DAE33 /* Release */ = {
			isa = XCBuildConfiguration;
			buildSettings = {
				GCC_PRECOMPILE_PREFIX_HEADER = YES;
				GCC_PREFIX_HEADER = "RRPhotos/RRPhotos-Prefix.pch";
				INFOPLIST_FILE = "RRPhotos/RRPhotos-Info.plist";
				PRODUCT_NAME = "$(TARGET_NAME)";
				WRAPPER_EXTENSION = app;
			};
			name = Release;
		};
/* End XCBuildConfiguration section */

/* Begin XCConfigurationList section */
		E5F42A331520B3B0006DAE33 /* Build configuration list for PBXProject "RRPhotos" */ = {
			isa = XCConfigurationList;
			buildConfigurations = (
				E5F42A4F1520B3B1006DAE33 /* Debug */,
				E5F42A501520B3B1006DAE33 /* Release */,
			);
			defaultConfigurationIsVisible = 0;
			defaultConfigurationName = Release;
		};
		E5F42A511520B3B1006DAE33 /* Build configuration list for PBXNativeTarget "RRPhotos" */ = {
			isa = XCConfigurationList;
			buildConfigurations = (
				E5F42A521520B3B1006DAE33 /* Debug */,
				E5F42A531520B3B1006DAE33 /* Release */,
			);
			defaultConfigurationIsVisible = 0;
		};
/* End XCConfigurationList section */
	};
	rootObject = E5F42A301520B3B0006DAE33 /* Project object */;
}
